
Microsoft Visual Studio Solution File, Format Version 12.00
# Visual Studio Version 17
VisualStudioVersion = 17.3.32819.101
MinimumVisualStudioVersion = 10.0.40219.1
Project("{9A19103F-16F7-4668-BE54-9A1E7A4F7556}") = "DatabaseFirst", "DatabaseFirst\DatabaseFirst.csproj", "{12161D61-9C13-4270-A9CD-0A869A020DC5}"
EndProject
Project("{9A19103F-16F7-4668-BE54-9A1E7A4F7556}") = "DatabaseFirstByScaffold", "DatabaseFirstByScaffold\DatabaseFirstByScaffold.csproj", "{3C42712E-01D6-4855-A34F-63049ECBC327}"
EndProject
Project("{FAE04EC0-301F-11D3-BF4B-00C04F79EFBC}") = "CodeFirst", "CodeFirst\CodeFirst.csproj", "{F8A69AB8-11FE-4121-A7A4-7721EB8A7AE8}"
EndProject
Global
	GlobalSection(SolutionConfigurationPlatforms) = preSolution
		Debug|Any CPU = Debug|Any CPU
		Release|Any CPU = Release|Any CPU
	EndGlobalSection
	GlobalSection(ProjectConfigurationPlatforms) = postSolution
		{12161D61-9C13-4270-A9CD-0A869A020DC5}.Debug|Any CPU.ActiveCfg = Debug|Any CPU
		{12161D61-9C13-4270-A9CD-0A869A020DC5}.Debug|Any CPU.Build.0 = Debug|Any CPU
		{12161D61-9C13-4270-A9CD-0A869A020DC5}.Release|Any CPU.ActiveCfg = Release|Any CPU
		{12161D61-9C13-4270-A9CD-0A869A020DC5}.Release|Any CPU.Build.0 = Release|Any CPU
		{3C42712E-01D6-4855-A34F-63049ECBC327}.Debug|Any CPU.ActiveCfg = Debug|Any CPU
		{3C42712E-01D6-4855-A34F-63049ECBC327}.Debug|Any CPU.Build.0 = Debug|Any CPU
		{3C42712E-01D6-4855-A34F-63049ECBC327}.Release|Any CPU.ActiveCfg = Release|Any CPU
		{3C42712E-01D6-4855-A34F-63049ECBC327}.Release|Any CPU.Build.0 = Release|Any CPU
		{F8A69AB8-11FE-4121-A7A4-7721EB8A7AE8}.Debug|Any CPU.ActiveCfg = Debug|Any CPU
		{F8A69AB8-11FE-4121-A7A4-7721EB8A7AE8}.Debug|Any CPU.Build.0 = Debug|Any CPU
		{F8A69AB8-11FE-4121-A7A4-7721EB8A7AE8}.Release|Any CPU.ActiveCfg = Release|Any CPU
		{F8A69AB8-11FE-4121-A7A4-7721EB8A7AE8}.Release|Any CPU.Build.0 = Release|Any CPU
	EndGlobalSection
	GlobalSection(SolutionProperties) = preSolution
		HideSolutionNode = FALSE
	EndGlobalSection
	GlobalSection(ExtensibilityGlobals) = postSolution
		SolutionGuid = {21EA2276-F70E-4A5E-9EB5-31FB3D3D65F3}
	EndGlobalSection
EndGlobal
